Microsoft Visual Studio Solution File, Format Version 12.00
# Visual Studio Version 17
VisualStudioVersion = 17.0.31903.59
MinimumVisualStudioVersion = 10.0.40219.1
Project("{FAE04EC0-301F-11D3-BF4B-00C04F79EFBC}") = "mb_YtDlpForMusicBee", "src\mb_YtDlpForMusicBee.csproj", "{AC5458FE-EB43-4D76-B448-CB44DA106125}"
EndProject
Global
	GlobalSection(SolutionConfigurationPlatforms) = preSolution
		Debug|Any CPU = Debug|Any CPU
		Release|Any CPU = Release|Any CPU
	EndGlobalSection
	GlobalSection(SolutionProperties) = preSolution
		HideSolutionNode = FALSE
	EndGlobalSection
	GlobalSection(ProjectConfigurationPlatforms) = postSolution
		{AC5458FE-EB43-4D76-B448-CB44DA106125}.Debug|Any CPU.ActiveCfg = Debug|Any CPU
		{AC5458FE-EB43-4D76-B448-CB44DA106125}.Debug|Any CPU.Build.0 = Debug|Any CPU
		{AC5458FE-EB43-4D76-B448-CB44DA106125}.Release|Any CPU.ActiveCfg = Release|Any CPU
		{AC5458FE-EB43-4D76-B448-CB44DA106125}.Release|Any CPU.Build.0 = Release|Any CPU
	EndGlobalSection
	GlobalSection(ExtensibilityGlobals) = postSolution
		SolutionGuid = {3108FED5-AC90-4B8D-8537-B392A5717393}
	EndGlobalSection
EndGlobal